// !$*UTF8*$!
{
	archiveVersion = 1;
	classes = {
	};
	objectVersion = 51;
	objects = {

/* Begin PBXBuildFile section */
		125E3D1F24C864A5003B1B7B /* AppDelegate.m in Sources */ = {isa = PBXBuildFile; fileRef = 125E3D1E24C864A5003B1B7B /* AppDelegate.m */; };
		125E3D2224C864A5003B1B7B /* SceneDelegate.m in Sources */ = {isa = PBXBuildFile; fileRef = 125E3D2124C864A5003B1B7B /* SceneDelegate.m */; };
		125E3D2824C864A5003B1B7B /* Main.storyboard in Resources */ = {isa = PBXBuildFile; fileRef = 125E3D2624C864A5003B1B7B /* Main.storyboard */; };
		125E3D2A24C864A5003B1B7B /* Assets.xcassets in Resources */ = {isa = PBXBuildFile; fileRef = 125E3D2924C864A5003B1B7B /* Assets.xcassets */; };
		125E3D2D24C864A5003B1B7B /* LaunchScreen.storyboard in Resources */ = {isa = PBXBuildFile; fileRef = 125E3D2B24C864A5003B1B7B /* LaunchScreen.storyboard */; };
		125E3D3024C864A5003B1B7B /* main.m in Sources */ = {isa = PBXBuildFile; fileRef = 125E3D2F24C864A5003B1B7B /* main.m */; };
		12A543CC24C865B800001DC5 /* LoginC.m in Sources */ = {isa = PBXBuildFile; fileRef = 12A543CB24C865B800001DC5 /* LoginC.m */; };
		12A543D624C86A1000001DC5 /* myC.m in Sources */ = {isa = PBXBuildFile; fileRef = 12A543D524C86A1000001DC5 /* myC.m */; };
		12A543D924C86BF500001DC5 /* tabbar.m in Sources */ = {isa = PBXBuildFile; fileRef = 12A543D824C86BF500001DC5 /* tabbar.m */; };
		12A543DC24C86FAA00001DC5 /* TestViewController.m in Sources */ = {isa = PBXBuildFile; fileRef = 12A543DB24C86FAA00001DC5 /* TestViewController.m */; };
		12A543E024C8823900001DC5 /* HomeC.m in Sources */ = {isa = PBXBuildFile; fileRef = 12A543DF24C8823900001DC5 /* HomeC.m */; };
		12A543E424C8825B00001DC5 /* MyC.m in Sources */ = {isa = PBXBuildFile; fileRef = 12A543E324C8825B00001DC5 /* MyC.m */; };
		AE2A51E310EAD10BC398160D /* Pods_chat.framework in Frameworks */ = {isa = PBXBuildFile; fileRef = 7043B9ECA193B491EEC95F7B /* Pods_chat.framework */; };
/* End PBXBuildFile section */

/* Begin PBXContainerItemProxy section */
		12A543C124C8658800001DC5 /* PBXContainerItemProxy */ = {
			isa = PBXContainerItemProxy;
			containerPortal = 12A543BA24C8658800001DC5 /* Pods.xcodeproj */;
			proxyType = 2;
			remoteGlobalIDString = 1FFED36A657123030ABB700256D73F15;
			remoteInfo = Masonry;
		};
		12A543C324C8658800001DC5 /* PBXContainerItemProxy */ = {
			isa = PBXContainerItemProxy;
			containerPortal = 12A543BA24C8658800001DC5 /* Pods.xcodeproj */;
			proxyType = 2;
			remoteGlobalIDString = 38EF19BB9C7CB5A31A5F65BF7AF11539;
			remoteInfo = "Pods-chat";
		};
		12A543C524C8658800001DC5 /* PBXContainerItemProxy */ = {
			isa = PBXContainerItemProxy;
			containerPortal = 12A543BA24C8658800001DC5 /* Pods.xcodeproj */;
			proxyType = 2;
			remoteGlobalIDString = 50C0B0879B7086918A819F704BF40B4B;
			remoteInfo = "Socket.IO-Client-Swift";
		};
		12A543C724C8658800001DC5 /* PBXContainerItemProxy */ = {
			isa = PBXContainerItemProxy;
			containerPortal = 12A543BA24C8658800001DC5 /* Pods.xcodeproj */;
			proxyType = 2;
			remoteGlobalIDString = 891B2270823847ED23F2ECFC28F935EC;
			remoteInfo = Starscream;
		};
/* End PBXContainerItemProxy section */

/* Begin PBXFileReference section */
		125E3D1A24C864A5003B1B7B /* chat.app */ = {isa = PBXFileReference; explicitFileType = wrapper.application; includeInIndex = 0; path = chat.app; sourceTree = BUILT_PRODUCTS_DIR; };
		125E3D1D24C864A5003B1B7B /* AppDelegate.h */ = {isa = PBXFileReference; lastKnownFileType = sourcecode.c.h; path = AppDelegate.h; sourceTree = "<group>"; };
		125E3D1E24C864A5003B1B7B /* AppDelegate.m */ = {isa = PBXFileReference; lastKnownFileType = sourcecode.c.objc; path = AppDelegate.m; sourceTree = "<group>"; };
		125E3D2024C864A5003B1B7B /* SceneDelegate.h */ = {isa = PBXFileReference; lastKnownFileType = sourcecode.c.h; path = SceneDelegate.h; sourceTree = "<group>"; };
		125E3D2124C864A5003B1B7B /* SceneDelegate.m */ = {isa = PBXFileReference; lastKnownFileType = sourcecode.c.objc; path = SceneDelegate.m; sourceTree = "<group>"; };
		125E3D2724C864A5003B1B7B /* Base */ = {isa = PBXFileReference; lastKnownFileType = file.storyboard; name = Base; path = Base.lproj/Main.storyboard; sourceTree = "<group>"; };
		125E3D2924C864A5003B1B7B /* Assets.xcassets */ = {isa = PBXFileReference; lastKnownFileType = folder.assetcatalog; path = Assets.xcassets; sourceTree = "<group>"; };
		125E3D2C24C864A5003B1B7B /* Base */ = {isa = PBXFileReference; lastKnownFileType = file.storyboard; name = Base; path = Base.lproj/LaunchScreen.storyboard; sourceTree = "<group>"; };
		125E3D2E24C864A5003B1B7B /* Info.plist */ = {isa = PBXFileReference; lastKnownFileType = text.plist.xml; path = Info.plist; sourceTree = "<group>"; };
		125E3D2F24C864A5003B1B7B /* main.m */ = {isa = PBXFileReference; lastKnownFileType = sourcecode.c.objc; path = main.m; sourceTree = "<group>"; };
		12A543BA24C8658800001DC5 /* Pods.xcodeproj */ = {isa = PBXFileReference; lastKnownFileType = "wrapper.pb-project"; name = Pods.xcodeproj; path = Pods/Pods.xcodeproj; sourceTree = "<group>"; };
		12A543CA24C865B800001DC5 /* LoginC.h */ = {isa = PBXFileReference; lastKnownFileType = sourcecode.c.h; path = LoginC.h; sourceTree = "<group>"; };
		12A543CB24C865B800001DC5 /* LoginC.m */ = {isa = PBXFileReference; lastKnownFileType = sourcecode.c.objc; path = LoginC.m; sourceTree = "<group>"; };
		12A543D424C86A1000001DC5 /* myC.h */ = {isa = PBXFileReference; lastKnownFileType = sourcecode.c.h; path = myC.h; sourceTree = "<group>"; };
		12A543D524C86A1000001DC5 /* myC.m */ = {isa = PBXFileReference; lastKnownFileType = sourcecode.c.objc; path = myC.m; sourceTree = "<group>"; };
		12A543D724C86BF500001DC5 /* tabbar.h */ = {isa = PBXFileReference; lastKnownFileType = sourcecode.c.h; path = tabbar.h; sourceTree = "<group>"; };
		12A543D824C86BF500001DC5 /* tabbar.m */ = {isa = PBXFileReference; lastKnownFileType = sourcecode.c.objc; path = tabbar.m; sourceTree = "<group>"; };
		12A543DA24C86FAA00001DC5 /* TestViewController.h */ = {isa = PBXFileReference; lastKnownFileType = sourcecode.c.h; path = TestViewController.h; sourceTree = "<group>"; };
		12A543DB24C86FAA00001DC5 /* TestViewController.m */ = {isa = PBXFileReference; lastKnownFileType = sourcecode.c.objc; path = TestViewController.m; sourceTree = "<group>"; };
		12A543DE24C8823900001DC5 /* HomeC.h */ = {isa = PBXFileReference; lastKnownFileType = sourcecode.c.h; path = HomeC.h; sourceTree = "<group>"; };
		12A543DF24C8823900001DC5 /* HomeC.m */ = {isa = PBXFileReference; lastKnownFileType = sourcecode.c.objc; path = HomeC.m; sourceTree = "<group>"; };
		12A543E224C8825B00001DC5 /* MyC.h */ = {isa = PBXFileReference; lastKnownFileType = sourcecode.c.h; path = MyC.h; sourceTree = "<group>"; };
		12A543E324C8825B00001DC5 /* MyC.m */ = {isa = PBXFileReference; lastKnownFileType = sourcecode.c.objc; path = MyC.m; sourceTree = "<group>"; };
		7043B9ECA193B491EEC95F7B /* Pods_chat.framework */ = {isa = PBXFileReference; explicitFileType = wrapper.framework; includeInIndex = 0; path = Pods_chat.framework; sourceTree = BUILT_PRODUCTS_DIR; };
		8772744DCFBE8528229584AD /* Pods-chat.release.xcconfig */ = {isa = PBXFileReference; includeInIndex = 1; lastKnownFileType = text.xcconfig; name = "Pods-chat.release.xcconfig"; path = "Target Support Files/Pods-chat/Pods-chat.release.xcconfig"; sourceTree = "<group>"; };
		F7C84AA7124989CE8914BD80 /* Pods-chat.debug.xcconfig */ = {isa = PBXFileReference; includeInIndex = 1; lastKnownFileType = text.xcconfig; name = "Pods-chat.debug.xcconfig"; path = "Target Support Files/Pods-chat/Pods-chat.debug.xcconfig"; sourceTree = "<group>"; };
/* End PBXFileReference section */

/* Begin PBXFrameworksBuildPhase section */
		125E3D1724C864A5003B1B7B /* Frameworks */ = {
			isa = PBXFrameworksBuildPhase;
			buildActionMask = 2147483647;
			files = (
				AE2A51E310EAD10BC398160D /* Pods_chat.framework in Frameworks */,
			);
			runOnlyForDeploymentPostprocessing = 0;
		};
/* End PBXFrameworksBuildPhase section */

/* Begin PBXGroup section */
		068C7481CD92FDE00E1EE7DD /* Pods */ = {
			isa = PBXGroup;
			children = (
				F7C84AA7124989CE8914BD80 /* Pods-chat.debug.xcconfig */,
				8772744DCFBE8528229584AD /* Pods-chat.release.xcconfig */,
			);
			path = Pods;
			sourceTree = "<group>";
		};
		125E3D1124C864A5003B1B7B = {
			isa = PBXGroup;
			children = (
				125E3D1C24C864A5003B1B7B /* chat */,
				125E3D1B24C864A5003B1B7B /* Products */,
				068C7481CD92FDE00E1EE7DD /* Pods */,
				801DE3A27463C788912FF9B7 /* Frameworks */,
			);
			sourceTree = "<group>";
		};
		125E3D1B24C864A5003B1B7B /* Products */ = {
			isa = PBXGroup;
			children = (
				125E3D1A24C864A5003B1B7B /* chat.app */,
			);
			name = Products;
			sourceTree = "<group>";
		};
		125E3D1C24C864A5003B1B7B /* chat */ = {
			isa = PBXGroup;
			children = (
				12A543DD24C8820F00001DC5 /* home */,
				12A543C924C8659B00001DC5 /* login */,
				12A543CD24C8694400001DC5 /* tab */,
				12A543E124C8823F00001DC5 /* my */,
				125E3D1D24C864A5003B1B7B /* AppDelegate.h */,
				125E3D1E24C864A5003B1B7B /* AppDelegate.m */,
				125E3D2024C864A5003B1B7B /* SceneDelegate.h */,
				125E3D2124C864A5003B1B7B /* SceneDelegate.m */,
				125E3D2624C864A5003B1B7B /* Main.storyboard */,
				125E3D2924C864A5003B1B7B /* Assets.xcassets */,
				12A543D424C86A1000001DC5 /* myC.h */,
				12A543D524C86A1000001DC5 /* myC.m */,
				12A543DA24C86FAA00001DC5 /* TestViewController.h */,
				12A543DB24C86FAA00001DC5 /* TestViewController.m */,
				125E3D2B24C864A5003B1B7B /* LaunchScreen.storyboard */,
				125E3D2E24C864A5003B1B7B /* Info.plist */,
				125E3D2F24C864A5003B1B7B /* main.m */,
			);
			path = chat;
			sourceTree = "<group>";
		};
		12A543BB24C8658800001DC5 /* Products */ = {
			isa = PBXGroup;
			children = (
				12A543C224C8658800001DC5 /* Masonry.framework */,
				12A543C424C8658800001DC5 /* Pods_chat.framework */,
				12A543C624C8658800001DC5 /* SocketIO.framework */,
				12A543C824C8658800001DC5 /* Starscream.framework */,
			);
			name = Products;
			sourceTree = "<group>";
		};
		12A543C924C8659B00001DC5 /* login */ = {
			isa = PBXGroup;
			children = (
				12A543CA24C865B800001DC5 /* LoginC.h */,
				12A543CB24C865B800001DC5 /* LoginC.m */,
			);
			path = login;
			sourceTree = "<group>";
		};
		12A543CD24C8694400001DC5 /* tab */ = {
			isa = PBXGroup;
			children = (
				12A543D724C86BF500001DC5 /* tabbar.h */,
				12A543D824C86BF500001DC5 /* tabbar.m */,
			);
			path = tab;
			sourceTree = "<group>";
		};
		12A543DD24C8820F00001DC5 /* home */ = {
			isa = PBXGroup;
			children = (
				12A543DE24C8823900001DC5 /* HomeC.h */,
				12A543DF24C8823900001DC5 /* HomeC.m */,
			);
			path = home;
			sourceTree = "<group>";
		};
		12A543E124C8823F00001DC5 /* my */ = {
			isa = PBXGroup;
			children = (
				12A543E224C8825B00001DC5 /* MyC.h */,
				12A543E324C8825B00001DC5 /* MyC.m */,
			);
			path = my;
			sourceTree = "<group>";
		};
		801DE3A27463C788912FF9B7 /* Frameworks */ = {
			isa = PBXGroup;
			children = (
				12A543BA24C8658800001DC5 /* Pods.xcodeproj */,
				7043B9ECA193B491EEC95F7B /* Pods_chat.framework */,
			);
			name = Frameworks;
			sourceTree = "<group>";
		};
/* End PBXGroup section */

/* Begin PBXNativeTarget section */
		125E3D1924C864A5003B1B7B /* chat */ = {
			isa = PBXNativeTarget;
			buildConfigurationList = 125E3D3324C864A5003B1B7B /* Build configuration list for PBXNativeTarget "chat" */;
			buildPhases = (
				8E61C25C45EC22F03305B62D /* [CP] Check Pods Manifest.lock */,
				125E3D1624C864A5003B1B7B /* Sources */,
				125E3D1724C864A5003B1B7B /* Frameworks */,
				125E3D1824C864A5003B1B7B /* Resources */,
				700FA8CFACF8A60E4862E46E /* [CP] Embed Pods Frameworks */,
			);
			buildRules = (
			);
			dependencies = (
			);
			name = chat;
			productName = chat;
			productReference = 125E3D1A24C864A5003B1B7B /* chat.app */;
			productType = "com.apple.product-type.application";
		};
/* End PBXNativeTarget section */

/* Begin PBXProject section */
		125E3D1224C864A5003B1B7B /* Project object */ = {
			isa = PBXProject;
			attributes = {
				LastUpgradeCheck = 1160;
				ORGANIZATIONNAME = s;
				TargetAttributes = {
					125E3D1924C864A5003B1B7B = {
						CreatedOnToolsVersion = 11.6;
					};
				};
			};
			buildConfigurationList = 125E3D1524C864A5003B1B7B /* Build configuration list for PBXProject "chat" */;
			compatibilityVersion = "Xcode 9.3";
			developmentRegion = en;
			hasScannedForEncodings = 0;
			knownRegions = (
				en,
				Base,
			);
			mainGroup = 125E3D1124C864A5003B1B7B;
			productRefGroup = 125E3D1B24C864A5003B1B7B /* Products */;
			projectDirPath = "";
			projectReferences = (
				{
					ProductGroup = 12A543BB24C8658800001DC5 /* Products */;
					ProjectRef = 12A543BA24C8658800001DC5 /* Pods.xcodeproj */;
				},
			);
			projectRoot = "";
			targets = (
				125E3D1924C864A5003B1B7B /* chat */,
			);
		};
/* End PBXProject section */

/* Begin PBXReferenceProxy section */
		12A543C224C8658800001DC5 /* Masonry.framework */ = {
			isa = PBXReferenceProxy;
			fileType = wrapper.framework;
			path = Masonry.framework;
			remoteRef = 12A543C124C8658800001DC5 /* PBXContainerItemProxy */;
			sourceTree = BUILT_PRODUCTS_DIR;
		};
		12A543C424C8658800001DC5 /* Pods_chat.framework */ = {
			isa = PBXReferenceProxy;
			fileType = wrapper.framework;
			path = Pods_chat.framework;
			remoteRef = 12A543C324C8658800001DC5 /* PBXContainerItemProxy */;
			sourceTree = BUILT_PRODUCTS_DIR;
		};
		12A543C624C8658800001DC5 /* SocketIO.framework */ = {
			isa = PBXReferenceProxy;
			fileType = wrapper.framework;
			path = SocketIO.framework;
			remoteRef = 12A543C524C8658800001DC5 /* PBXContainerItemProxy */;
			sourceTree = BUILT_PRODUCTS_DIR;
		};
		12A543C824C8658800001DC5 /* Starscream.framework */ = {
			isa = PBXReferenceProxy;
			fileType = wrapper.framework;
			path = Starscream.framework;
			remoteRef = 12A543C724C8658800001DC5 /* PBXContainerItemProxy */;
			sourceTree = BUILT_PRODUCTS_DIR;
		};
/* End PBXReferenceProxy section */

/* Begin PBXResourcesBuildPhase section */
		125E3D1824C864A5003B1B7B /* Resources */ = {
			isa = PBXResourcesBuildPhase;
			buildActionMask = 2147483647;
			files = (
				125E3D2D24C864A5003B1B7B /* LaunchScreen.storyboard in Resources */,
				125E3D2A24C864A5003B1B7B /* Assets.xcassets in Resources */,
				125E3D2824C864A5003B1B7B /* Main.storyboard in Resources */,
			);
			runOnlyForDeploymentPostprocessing = 0;
		};
/* End PBXResourcesBuildPhase section */

/* Begin PBXShellScriptBuildPhase section */
		700FA8CFACF8A60E4862E46E /* [CP] Embed Pods Frameworks */ = {
			isa = PBXShellScriptBuildPhase;
			buildActionMask = 2147483647;
			files = (
			);
			inputFileListPaths = (
				"${PODS_ROOT}/Target Support Files/Pods-chat/Pods-chat-frameworks-${CONFIGURATION}-input-files.xcfilelist",
			);
			name = "[CP] Embed Pods Frameworks";
			outputFileListPaths = (
				"${PODS_ROOT}/Target Support Files/Pods-chat/Pods-chat-frameworks-${CONFIGURATION}-output-files.xcfilelist",
			);
			runOnlyForDeploymentPostprocessing = 0;
			shellPath = /bin/sh;
			shellScript = "\"${PODS_ROOT}/Target Support Files/Pods-chat/Pods-chat-frameworks.sh\"\n";
			showEnvVarsInLog = 0;
		};
		8E61C25C45EC22F03305B62D /* [CP] Check Pods Manifest.lock */ = {
			isa = PBXShellScriptBuildPhase;
			buildActionMask = 2147483647;
			files = (
			);
			inputFileListPaths = (
			);
			inputPaths = (
				"${PODS_PODFILE_DIR_PATH}/Podfile.lock",
				"${PODS_ROOT}/Manifest.lock",
			);
			name = "[CP] Check Pods Manifest.lock";
			outputFileListPaths = (
			);
			outputPaths = (
				"$(DERIVED_FILE_DIR)/Pods-chat-checkManifestLockResult.txt",
			);
			runOnlyForDeploymentPostprocessing = 0;
			shellPath = /bin/sh;
			shellScript = "diff \"${PODS_PODFILE_DIR_PATH}/Podfile.lock\" \"${PODS_ROOT}/Manifest.lock\" > /dev/null\nif [ $? != 0 ] ; then\n    # print error to STDERR\n    echo \"error: The sandbox is not in sync with the Podfile.lock. Run 'pod install' or update your CocoaPods installation.\" >&2\n    exit 1\nfi\n# This output is used by Xcode 'outputs' to avoid re-running this script phase.\necho \"SUCCESS\" > \"${SCRIPT_OUTPUT_FILE_0}\"\n";
			showEnvVarsInLog = 0;
		};
/* End PBXShellScriptBuildPhase section */

/* Begin PBXSourcesBuildPhase section */
		125E3D1624C864A5003B1B7B /* Sources */ = {
			isa = PBXSourcesBuildPhase;
			buildActionMask = 2147483647;
			files = (
				125E3D1F24C864A5003B1B7B /* AppDelegate.m in Sources */,
				12A543CC24C865B800001DC5 /* LoginC.m in Sources */,
				12A543DC24C86FAA00001DC5 /* TestViewController.m in Sources */,
				12A543E424C8825B00001DC5 /* MyC.m in Sources */,
				125E3D3024C864A5003B1B7B /* main.m in Sources */,
				12A543D624C86A1000001DC5 /* myC.m in Sources */,
				125E3D2224C864A5003B1B7B /* SceneDelegate.m in Sources */,
				12A543E024C8823900001DC5 /* HomeC.m in Sources */,
				12A543D924C86BF500001DC5 /* tabbar.m in Sources */,
			);
			runOnlyForDeploymentPostprocessing = 0;
		};
/* End PBXSourcesBuildPhase section */

/* Begin PBXVariantGroup section */
		125E3D2624C864A5003B1B7B /* Main.storyboard */ = {
			isa = PBXVariantGroup;
			children = (
				125E3D2724C864A5003B1B7B /* Base */,
			);
			name = Main.storyboard;
			sourceTree = "<group>";
		};
		125E3D2B24C864A5003B1B7B /* LaunchScreen.storyboard */ = {
			isa = PBXVariantGroup;
			children = (
				125E3D2C24C864A5003B1B7B /* Base */,
			);
			name = LaunchScreen.storyboard;
			sourceTree = "<group>";
		};
/* End PBXVariantGroup section */

/* Begin XCBuildConfiguration section */
		125E3D3124C864A5003B1B7B /* Debug */ = {
			isa = XCBuildConfiguration;
			buildSettings = {
				ALWAYS_SEARCH_USER_PATHS = NO;
				CLANG_ANALYZER_NONNULL = YES;
				CLANG_ANALYZER_NUMBER_OBJECT_CONVERSION = YES_AGGRESSIVE;
				CLANG_CXX_LANGUAGE_STANDARD = "gnu++14";
				CLANG_CXX_LIBRARY = "libc++";
				CLANG_ENABLE_MODULES = YES;
				CLANG_ENABLE_OBJC_ARC = YES;
				CLANG_ENABLE_OBJC_WEAK = YES;
				CLANG_WARN_BLOCK_CAPTURE_AUTORELEASING = YES;
				CLANG_WARN_BOOL_CONVERSION = YES;
				CLANG_WARN_COMMA = YES;
				CLANG_WARN_CONSTANT_CONVERSION = YES;
				CLANG_WARN_DEPRECATED_OBJC_IMPLEMENTATIONS = YES;
				CLANG_WARN_DIRECT_OBJC_ISA_USAGE = YES_ERROR;
				CLANG_WARN_DOCUMENTATION_COMMENTS = YES;
				CLANG_WARN_EMPTY_BODY = YES;
				CLANG_WARN_ENUM_CONVERSION = YES;
				CLANG_WARN_INFINITE_RECURSION = YES;
				CLANG_WARN_INT_CONVERSION = YES;
				CLANG_WARN_NON_LITERAL_NULL_CONVERSION = YES;
				CLANG_WARN_OBJC_IMPLICIT_RETAIN_SELF = YES;
				CLANG_WARN_OBJC_LITERAL_CONVERSION = YES;
				CLANG_WARN_OBJC_ROOT_CLASS = YES_ERROR;
				CLANG_WARN_RANGE_LOOP_ANALYSIS = YES;
				CLANG_WARN_STRICT_PROTOTYPES = YES;
				CLANG_WARN_SUSPICIOUS_MOVE = YES;
				CLANG_WARN_UNGUARDED_AVAILABILITY = YES_AGGRESSIVE;
				CLANG_WARN_UNREACHABLE_CODE = YES;
				CLANG_WARN__DUPLICATE_METHOD_MATCH = YES;
				COPY_PHASE_STRIP = NO;
				DEBUG_INFORMATION_FORMAT = dwarf;
				ENABLE_STRICT_OBJC_MSGSEND = YES;
				ENABLE_TESTABILITY = YES;
				GCC_C_LANGUAGE_STANDARD = gnu11;
				GCC_DYNAMIC_NO_PIC = NO;
				GCC_NO_COMMON_BLOCKS = YES;
				GCC_OPTIMIZATION_LEVEL = 0;
				GCC_PREPROCESSOR_DEFINITIONS = (
					"DEBUG=1",
					"$(inherited)",
				);
				GCC_WARN_64_TO_32_BIT_CONVERSION = YES;
				GCC_WARN_ABOUT_RETURN_TYPE = YES_ERROR;
				GCC_WARN_UNDECLARED_SELECTOR = YES;
				GCC_WARN_UNINITIALIZED_AUTOS = YES_AGGRESSIVE;
				GCC_WARN_UNUSED_FUNCTION = YES;
				GCC_WARN_UNUSED_VARIABLE = YES;
				IPHONEOS_DEPLOYMENT_TARGET = 13.4;
				MTL_ENABLE_DEBUG_INFO = INCLUDE_SOURCE;
				MTL_FAST_MATH = YES;
				ONLY_ACTIVE_ARCH = YES;
				SDKROOT = iphoneos;
			};
			name = Debug;
		};
		125E3D3224C864A5003B1B7B /* Release */ = {
			isa = XCBuildConfiguration;
			buildSettings = {
				ALWAYS_SEARCH_USER_PATHS = NO;
				CLANG_ANALYZER_NONNULL = YES;
				CLANG_ANALYZER_NUMBER_OBJECT_CONVERSION = YES_AGGRESSIVE;
				CLANG_CXX_LANGUAGE_STANDARD = "gnu++14";
				CLANG_CXX_LIBRARY = "libc++";
				CLANG_ENABLE_MODULES = YES;
				CLANG_ENABLE_OBJC_ARC = YES;
				CLANG_ENABLE_OBJC_WEAK = YES;
				CLANG_WARN_BLOCK_CAPTURE_AUTORELEASING = YES;
				CLANG_WARN_BOOL_CONVERSION = YES;
				CLANG_WARN_COMMA = YES;
				CLANG_WARN_CONSTANT_CONVERSION = YES;
				CLANG_WARN_DEPRECATED_OBJC_IMPLEMENTATIONS = YES;
				CLANG_WARN_DIRECT_OBJC_ISA_USAGE = YES_ERROR;
				CLANG_WARN_DOCUMENTATION_COMMENTS = YES;
				CLANG_WARN_EMPTY_BODY = YES;
				CLANG_WARN_ENUM_CONVERSION = YES;
				CLANG_WARN_INFINITE_RECURSION = YES;
				CLANG_WARN_INT_CONVERSION = YES;
				CLANG_WARN_NON_LITERAL_NULL_CONVERSION = YES;
				CLANG_WARN_OBJC_IMPLICIT_RETAIN_SELF = YES;
				CLANG_WARN_OBJC_LITERAL_CONVERSION = YES;
				CLANG_WARN_OBJC_ROOT_CLASS = YES_ERROR;
				CLANG_WARN_RANGE_LOOP_ANALYSIS = YES;
				CLANG_WARN_STRICT_PROTOTYPES = YES;
				CLANG_WARN_SUSPICIOUS_MOVE = YES;
				CLANG_WARN_UNGUARDED_AVAILABILITY = YES_AGGRESSIVE;
				CLANG_WARN_UNREACHABLE_CODE = YES;
				CLANG_WARN__DUPLICATE_METHOD_MATCH = YES;
				COPY_PHASE_STRIP = NO;
				DEBUG_INFORMATION_FORMAT = "dwarf-with-dsym";
				ENABLE_NS_ASSERTIONS = NO;
				ENABLE_STRICT_OBJC_MSGSEND = YES;
				GCC_C_LANGUAGE_STANDARD = gnu11;
				GCC_NO_COMMON_BLOCKS = YES;
				GCC_WARN_64_TO_32_BIT_CONVERSION = YES;
				GCC_WARN_ABOUT_RETURN_TYPE = YES_ERROR;
				GCC_WARN_UNDECLARED_SELECTOR = YES;
				GCC_WARN_UNINITIALIZED_AUTOS = YES_AGGRESSIVE;
				GCC_WARN_UNUSED_FUNCTION = YES;
				GCC_WARN_UNUSED_VARIABLE = YES;
				IPHONEOS_DEPLOYMENT_TARGET = 13.4;
				MTL_ENABLE_DEBUG_INFO = NO;
				MTL_FAST_MATH = YES;
				SDKROOT = iphoneos;
				VALIDATE_PRODUCT = YES;
			};
			name = Release;
		};
		125E3D3424C864A5003B1B7B /* Debug */ = {
			isa = XCBuildConfiguration;
			baseConfigurationReference = F7C84AA7124989CE8914BD80 /* Pods-chat.debug.xcconfig */;
			buildSettings = {
				ASSETCATALOG_COMPILER_APPICON_NAME = AppIcon;
				CODE_SIGN_STYLE = Automatic;
				DEVELOPMENT_TEAM = YN7K4S6J4T;
				INFOPLIST_FILE = chat/Info.plist;
				LD_RUNPATH_SEARCH_PATHS = (
					"$(inherited)",
					"@executable_path/Frameworks",
				);
				PRODUCT_BUNDLE_IDENTIFIER = dd.chat;
				PRODUCT_NAME = "$(TARGET_NAME)";
				TARGETED_DEVICE_FAMILY = "1,2";
			};
			name = Debug;
		};
		125E3D3524C864A5003B1B7B /* Release */ = {
			isa = XCBuildConfiguration;
			baseConfigurationReference = 8772744DCFBE8528229584AD /* Pods-chat.release.xcconfig */;
			buildSettings = {
				ASSETCATALOG_COMPILER_APPICON_NAME = AppIcon;
				CODE_SIGN_STYLE = Automatic;
				DEVELOPMENT_TEAM = YN7K4S6J4T;
				INFOPLIST_FILE = chat/Info.plist;
				LD_RUNPATH_SEARCH_PATHS = (
					"$(inherited)",
					"@executable_path/Frameworks",
				);
				PRODUCT_BUNDLE_IDENTIFIER = dd.chat;
				PRODUCT_NAME = "$(TARGET_NAME)";
				TARGETED_DEVICE_FAMILY = "1,2";
			};
			name = Release;
		};
/* End XCBuildConfiguration section */

/* Begin XCConfigurationList section */
		125E3D1524C864A5003B1B7B /* Build configuration list for PBXProject "chat" */ = {
			isa = XCConfigurationList;
			buildConfigurations = (
				125E3D3124C864A5003B1B7B /* Debug */,
				125E3D3224C864A5003B1B7B /* Release */,
			);
			defaultConfigurationIsVisible = 0;
			defaultConfigurationName = Release;
		};
		125E3D3324C864A5003B1B7B /* Build configuration list for PBXNativeTarget "chat" */ = {
			isa = XCConfigurationList;
			buildConfigurations = (
				125E3D3424C864A5003B1B7B /* Debug */,
				125E3D3524C864A5003B1B7B /* Release */,
			);
			defaultConfigurationIsVisible = 0;
			defaultConfigurationName = Release;
		};
/* End XCConfigurationList section */
	};
	rootObject = 125E3D1224C864A5003B1B7B /* Project object */;
}
